
Microsoft Visual Studio Solution File, Format Version 12.00
# Visual Studio Version 16
VisualStudioVersion = 16.0.32413.511
MinimumVisualStudioVersion = 10.0.40219.1
Project("{FAE04EC0-301F-11D3-BF4B-00C04F79EFBC}") = "TwoDimensionGamesUI", "TwoDimensionGamesUI\TwoDimensionGamesUI.csproj", "{352F6C2A-CA23-4BED-A7EC-CDA06AB40F83}"
EndProject
Global
	GlobalSection(SolutionConfigurationPlatforms) = preSolution
		Debug|Any CPU = Debug|Any CPU
		Release|Any CPU = Release|Any CPU
	EndGlobalSection
	GlobalSection(ProjectConfigurationPlatforms) = postSolution
		{352F6C2A-CA23-4BED-A7EC-CDA06AB40F83}.Debug|Any CPU.ActiveCfg = Debug|Any CPU
		{352F6C2A-CA23-4BED-A7EC-CDA06AB40F83}.Debug|Any CPU.Build.0 = Debug|Any CPU
		{352F6C2A-CA23-4BED-A7EC-CDA06AB40F83}.Release|Any CPU.ActiveCfg = Release|Any CPU
		{352F6C2A-CA23-4BED-A7EC-CDA06AB40F83}.Release|Any CPU.Build.0 = Release|Any CPU
	EndGlobalSection
	GlobalSection(SolutionProperties) = preSolution
		HideSolutionNode = FALSE
	EndGlobalSection
	GlobalSection(ExtensibilityGlobals) = postSolution
		SolutionGuid = {3F157E49-6D5C-4F0B-84DE-67687052F5F1}
	EndGlobalSection
EndGlobal
